
Microsoft Visual Studio Solution File, Format Version 12.00
# Visual Studio 2013
VisualStudioVersion = 12.0.30723.0
MinimumVisualStudioVersion = 10.0.40219.1
Project("{FAE04EC0-301F-11D3-BF4B-00C04F79EFBC}") = "MediaPlayer.UI", "MediaPlayer\MediaPlayer.UI.csproj", "{138679B4-32BD-464A-90C9-B7BD817300A9}"
EndProject
Project("{FAE04EC0-301F-11D3-BF4B-00C04F79EFBC}") = "MediaPlayer.Common", "MediaPlayer.Common\MediaPlayer.Common.csproj", "{A6E463A1-576F-48D3-A0AB-009BE9C343F4}"
EndProject
Global
	GlobalSection(SolutionConfigurationPlatforms) = preSolution
		Debug|Any CPU = Debug|Any CPU
		Release|Any CPU = Release|Any CPU
	EndGlobalSection
	GlobalSection(ProjectConfigurationPlatforms) = postSolution
		{138679B4-32BD-464A-90C9-B7BD817300A9}.Debug|Any CPU.ActiveCfg = Debug|Any CPU
		{138679B4-32BD-464A-90C9-B7BD817300A9}.Debug|Any CPU.Build.0 = Debug|Any CPU
		{138679B4-32BD-464A-90C9-B7BD817300A9}.Release|Any CPU.ActiveCfg = Release|Any CPU
		{138679B4-32BD-464A-90C9-B7BD817300A9}.Release|Any CPU.Build.0 = Release|Any CPU
		{A6E463A1-576F-48D3-A0AB-009BE9C343F4}.Debug|Any CPU.ActiveCfg = Debug|Any CPU
		{A6E463A1-576F-48D3-A0AB-009BE9C343F4}.Debug|Any CPU.Build.0 = Debug|Any CPU
		{A6E463A1-576F-48D3-A0AB-009BE9C343F4}.Release|Any CPU.ActiveCfg = Release|Any CPU
		{A6E463A1-576F-48D3-A0AB-009BE9C343F4}.Release|Any CPU.Build.0 = Release|Any CPU
	EndGlobalSection
	GlobalSection(SolutionProperties) = preSolution
		HideSolutionNode = FALSE
	EndGlobalSection
EndGlobal
